
Microsoft Visual Studio Solution File, Format Version 12.00
# Visual Studio Version 17
VisualStudioVersion = 17.14.36408.4
MinimumVisualStudioVersion = 10.0.40219.1
Project("{FAE04EC0-301F-11D3-BF4B-00C04F79EFBC}") = "XPE.ArquiteturaSoftware.DesafioFinal.Api", "src\XPE.ArquiteturaSoftware.DesafioFinal.Api\XPE.ArquiteturaSoftware.DesafioFinal.Api.csproj", "{49EA625E-B423-36D6-E741-25C2EBE81C08}"
EndProject
Project("{FAE04EC0-301F-11D3-BF4B-00C04F79EFBC}") = "XPE.ArquiteturaSoftware.DesafioFinal.Application", "src\XPE.ArquiteturaSoftware.DesafioFinal.Application\XPE.ArquiteturaSoftware.DesafioFinal.Application.csproj", "{EFC347E9-20D3-0DB0-7D1E-285A38275216}"
EndProject
Project("{FAE04EC0-301F-11D3-BF4B-00C04F79EFBC}") = "XPE.ArquiteturaSoftware.DesafioFinal.Domain", "src\XPE.ArquiteturaSoftware.DesafioFinal.Domain\XPE.ArquiteturaSoftware.DesafioFinal.Domain.csproj", "{14CE4BF5-6730-3D50-FED5-1C8E63BB3AE7}"
EndProject
Project("{FAE04EC0-301F-11D3-BF4B-00C04F79EFBC}") = "XPE.ArquiteturaSoftware.DesafioFinal.Infra.Data", "src\XPE.ArquiteturaSoftware.DesafioFinal.Infra.Data\XPE.ArquiteturaSoftware.DesafioFinal.Infra.Data.csproj", "{6178EC75-41B5-8D80-6197-13174E47DB1F}"
EndProject
Project("{FAE04EC0-301F-11D3-BF4B-00C04F79EFBC}") = "XPE.ArquiteturaSoftware.DesafioFinal.Infra.IoC", "src\XPE.ArquiteturaSoftware.DesafioFinal.Infra.IoC\XPE.ArquiteturaSoftware.DesafioFinal.Infra.IoC.csproj", "{8D5C8386-B448-A70F-F835-8E2F1FD38EA0}"
EndProject
Project("{2150E333-8FDC-42A3-9474-1A3956D46DE8}") = "Config", "Config", "{02EA681E-C7D8-13C7-8484-4AC65E1B71E8}"
	ProjectSection(SolutionItems) = preProject
		devops\.env = devops\.env
		devops\docker-compose.yml = devops\docker-compose.yml
		devops\Dockerfile = devops\Dockerfile
	EndProjectSection
EndProject
Project("{FAE04EC0-301F-11D3-BF4B-00C04F79EFBC}") = "XPE.ArquiteturaSoftware.DesafioFinal.Tests", "tests\XPE.ArquiteturaSoftware.DesafioFinal.Tests\XPE.ArquiteturaSoftware.DesafioFinal.Tests.csproj", "{A5819D43-E5B5-4AA1-B303-590C1902761C}"
EndProject
Global
	GlobalSection(SolutionConfigurationPlatforms) = preSolution
		Debug|Any CPU = Debug|Any CPU
		Release|Any CPU = Release|Any CPU
	EndGlobalSection
	GlobalSection(ProjectConfigurationPlatforms) = postSolution
		{49EA625E-B423-36D6-E741-25C2EBE81C08}.Debug|Any CPU.ActiveCfg = Debug|Any CPU
		{49EA625E-B423-36D6-E741-25C2EBE81C08}.Debug|Any CPU.Build.0 = Debug|Any CPU
		{49EA625E-B423-36D6-E741-25C2EBE81C08}.Release|Any CPU.ActiveCfg = Release|Any CPU
		{49EA625E-B423-36D6-E741-25C2EBE81C08}.Release|Any CPU.Build.0 = Release|Any CPU
		{EFC347E9-20D3-0DB0-7D1E-285A38275216}.Debug|Any CPU.ActiveCfg = Debug|Any CPU
		{EFC347E9-20D3-0DB0-7D1E-285A38275216}.Debug|Any CPU.Build.0 = Debug|Any CPU
		{EFC347E9-20D3-0DB0-7D1E-285A38275216}.Release|Any CPU.ActiveCfg = Release|Any CPU
		{EFC347E9-20D3-0DB0-7D1E-285A38275216}.Release|Any CPU.Build.0 = Release|Any CPU
		{14CE4BF5-6730-3D50-FED5-1C8E63BB3AE7}.Debug|Any CPU.ActiveCfg = Debug|Any CPU
		{14CE4BF5-6730-3D50-FED5-1C8E63BB3AE7}.Debug|Any CPU.Build.0 = Debug|Any CPU
		{14CE4BF5-6730-3D50-FED5-1C8E63BB3AE7}.Release|Any CPU.ActiveCfg = Release|Any CPU
		{14CE4BF5-6730-3D50-FED5-1C8E63BB3AE7}.Release|Any CPU.Build.0 = Release|Any CPU
		{6178EC75-41B5-8D80-6197-13174E47DB1F}.Debug|Any CPU.ActiveCfg = Debug|Any CPU
		{6178EC75-41B5-8D80-6197-13174E47DB1F}.Debug|Any CPU.Build.0 = Debug|Any CPU
		{6178EC75-41B5-8D80-6197-13174E47DB1F}.Release|Any CPU.ActiveCfg = Release|Any CPU
		{6178EC75-41B5-8D80-6197-13174E47DB1F}.Release|Any CPU.Build.0 = Release|Any CPU
		{8D5C8386-B448-A70F-F835-8E2F1FD38EA0}.Debug|Any CPU.ActiveCfg = Debug|Any CPU
		{8D5C8386-B448-A70F-F835-8E2F1FD38EA0}.Debug|Any CPU.Build.0 = Debug|Any CPU
		{8D5C8386-B448-A70F-F835-8E2F1FD38EA0}.Release|Any CPU.ActiveCfg = Release|Any CPU
		{8D5C8386-B448-A70F-F835-8E2F1FD38EA0}.Release|Any CPU.Build.0 = Release|Any CPU
		{A5819D43-E5B5-4AA1-B303-590C1902761C}.Debug|Any CPU.ActiveCfg = Debug|Any CPU
		{A5819D43-E5B5-4AA1-B303-590C1902761C}.Debug|Any CPU.Build.0 = Debug|Any CPU
		{A5819D43-E5B5-4AA1-B303-590C1902761C}.Release|Any CPU.ActiveCfg = Release|Any CPU
		{A5819D43-E5B5-4AA1-B303-590C1902761C}.Release|Any CPU.Build.0 = Release|Any CPU
	EndGlobalSection
	GlobalSection(SolutionProperties) = preSolution
		HideSolutionNode = FALSE
	EndGlobalSection
	GlobalSection(ExtensibilityGlobals) = postSolution
		SolutionGuid = {FB529721-D043-40E8-BB29-A76C92687922}
	EndGlobalSection
EndGlobal
